github.com/bufbuild/protovalidate v0.3.1 h1:kTUVlT0nWxYy+sZc8r10PCYtCUkhgfMn3Rp7gh5h0Lw=
github.com/googleapis/googleapis v0.0.0-20251003134837-2193a2bfcecb92b92aad7a4d81baa428cafd7dfd h1:4iEvoDQ7W0IgThxH3pYSVrL2CpZ2hmUD7uUmC+w6jh8=
github.com/sipki-tech/currency v0.1.2 h1:CXCqZnOEKWMNFrB9n2eZanWOQkRTxAAijMFUjd/7ZQM=
